github.com/cespare/xxhash/v2 v2.3.0 h1:UL815xU9SqsFlibzuggzjXhog7bL6oX9BbNZnL2UFvs=
github.com/cespare/xxhash/v2 v2.3.0/go.mod h1:VGX0DQ3Q6kWi7AoAeZDth3/j3BFtOZR5XLFGgcrjCOs=
github.com/davecgh/go-spew v1.1.1 h1:vj9j/u1bqnvCEfJOwUhtlOARqs3+rkHYY13jYWTU97c=
github.com/davecgh/go-spew v1.1.1/go.mod h1:J7Y8YcW2NihsgmVo/mv3lAwl/skON4iLHjSsI+c5H38=
github.com/go-logr/logr v1.2.2/go.mod h1:jdQByPbusPIv2/zmleS9BjJVeZ6kBagPoEUsqbVz/1A=
github.com/go-logr/logr v1.4.3 h1:CjnDlHq8ikf6E492q6eKboGOC0T8CDaOvkHCIg8idEI=
github.com/go-logr/logr v1.4.3/go.mod h1:9T104GzyrTigFIr8wt5mBrctHMim0Nb2HLGrmQ40KvY=
github.com/go-logr/stdr v1.2.2 h1:hSWxHoqTgW2S2qGc0LTAI563KZ5YKYRhT3MFKZMbjag=
github.com/go-logr/stdr v1.2.2/go.mod h1:mMo/vtBO5dYbehREoey6XUKy/eSumjCCveDpRre4VKE=
github.com/google/go-cmp v0.7.0 h1:wk8382ETsv4JYUZwIsn6YpYiWiBsYLSJiTsyBybVuN8=
github.com/google/go-cmp v0.7.0/go.mod h1:pXiqmnSA92OHEEa9HXL2W4E7lf9JzCmGVUdgjX3N/iU=
github.com/kalandramo/lulu v0.0.0-20260617094710-09209c191f62 h1:j+tjFrH54U6+LO7Ve7nP3MCHR/bR9VnE/52zlD8C60I=
github.com/kalandramo/lulu v0.0.0-20260617094710-09209c191f62/go.mod h1:CU5gA+bQr52RYV7fdkEtt2rnoeU3qxGCeBseyQmo73Q=
github.com/kalandramo/lulu-bootstrap v0.0.0-20260626073311-eb65d34d72dc h1:qfQRqtm+8c/eyOBRNP8nMpoKiKxcBeCL82vSwaS7PHE=
github.com/kalandramo/lulu-bootstrap v0.0.0-20260626073311-eb65d34d72dc/go.mod h1:CUXPe7OYE94OgP2SatmNpJnTqlf4HzaBhbdoJzR1g3I=
github.com/kalandramo/lulu-bootstrap/conf v0.0.0-20260626073311-eb65d34d72dc h1:7ERGanS7we2nkS8YaK7jQye4ImgmJkPUxo4HqO4avq4=
github.com/kalandramo/lulu-bootstrap/conf v0.0.0-20260626073311-eb65d34d72dc/go.mod h1:kT9LMoJYU4LskqcENGmEQl4o3gIDpih5nNP6bcIdn3s=
github.com/kalandramo/lulu-ext/ratelimit v0.0.0-20260626091828-96ffead8df6c h1:wuYXELOm3T00Zzawf3OPleZuuPkUJVCha9eQVBbAx5I=
github.com/kalandramo/lulu-ext/ratelimit v0.0.0-20260626091828-96ffead8df6c/go.mod h1:rQxDeBEXJVyNrTxU1Gh2CdYYrjyl+Ec4Bo0sFlFCfzs=
github.com/kalandramo/lulu-ext/ratelimit/tokenbucket v0.0.0-20260630100316-0f11b48c33bc h1:miMrtfeyX5GjfGPFfhBAFuSTSdgfoifsAZbiyCiSmFA=
github.com/kalandramo/lulu-ext/ratelimit/tokenbucket v0.0.0-20260630100316-0f11b48c33bc/go.mod h1:coLX7fe/oN/ExscaK9Hp43IMbNBtmVnjwk5SC4SSjnY=
github.com/kalandramo/lulu-ext/transport/http v0.0.0-20260630100316-0f11b48c33bc h1:+kLJUMiBJQXjGZvx7uUtq6nnMhFBtHER7RhBqdqVVgE=
github.com/kalandramo/lulu-ext/transport/http v0.0.0-20260630100316-0f11b48c33bc/go.mod h1:wbBkGh/3WKO3wV8Y7uNyTnSBk7SFv9CYBbjkUC9Xu1Q=
github.com/kalandramo/lulu-ext/transport/http/middleware/cors v0.0.0-20260630100316-0f11b48c33bc h1:HpbSy67Gxv1tAYVvTqEkiROk7PYGxf5vazXEtYbsZ4U=
github.com/kalandramo/lulu-ext/transport/http/middleware/cors v0.0.0-20260630100316-0f11b48c33bc/go.mod h1:IznzuXgdclcLL/Ub7ioPFhtsuoRVnJghW+YwlyuEna0=
github.com/kalandramo/lulu-ext/transport/http/middleware/logging v0.0.0-20260630100316-0f11b48c33bc h1:iHgicgEfTXZ2yOZ9G3+jPgn0Jm4UCiINBhOksuRTwkw=
github.com/kalandramo/lulu-ext/transport/http/middleware/logging v0.0.0-20260630100316-0f11b48c33bc/go.mod h1:ydWDkSi36drJA6Z+ke49R1SktaqmFP5xSsj+V8lbL0c=
github.com/kalandramo/lulu-ext/transport/http/middleware/ratelimit v0.0.0-20260630100316-0f11b48c33bc h1:aht0/9nLwzLPj+GHI3vAchMf1QEJoA753UQS5KgQ8oE=
github.com/kalandramo/lulu-ext/transport/http/middleware/ratelimit v0.0.0-20260630100316-0f11b48c33bc/go.mod h1:mpmQArib133owChStETWvpXenbgX5vrT01Jh6YZ4Zic=
github.com/kalandramo/lulu-ext/transport/http/middleware/recovery v0.0.0-20260626101359-877a46103c1d h1:EzAn8VWKo7IAZX7Knbc54ghqRjP92EbUjYk16i+XYQY=
github.com/kalandramo/lulu-ext/transport/http/middleware/recovery v0.0.0-20260626101359-877a46103c1d/go.mod h1:EOaIHFS96v47gsNPp5qR7GICQ8WIVpF5oQxt+qWPujI=
github.com/kalandramo/lulu-ext/transport/http/middleware/requestid v0.0.0-20260630100316-0f11b48c33bc h1:iQYN7g1Xh1Z8iMjZ5ZxZaHilIZJn709rSPgGwDvodFE=
github.com/kalandramo/lulu-ext/transport/http/middleware/requestid v0.0.0-20260630100316-0f11b48c33bc/go.mod h1:qFuRr6u2V/rZw0pSiiLaLAXDzuQTj6YnH6Aq35Xlem0=
github.com/kalandramo/lulu-ext/transport/http/middleware/timeout v0.0.0-20260630100316-0f11b48c33bc h1:4/L7R/5dcG+D5fodwVFhwtYOyAo4pwRwxmXgh7w0BC4=
github.com/kalandramo/lulu-ext/transport/http/middleware/timeout v0.0.0-20260630100316-0f11b48c33bc/go.mod h1:/fDXUykABT8RLdgtZK9NdVK/3rXeu+uMuX4/py5WqEI=
github.com/kalandramo/lulu-ext/transport/http/middleware/tracing v0.0.0-20260630100316-0f11b48c33bc h1:kKl2Qf1flECQVqYGz9847vU4E8XWToeJQScXIB1sAqM=
github.com/kalandramo/lulu-ext/transport/http/middleware/tracing v0.0.0-20260630100316-0f11b48c33bc/go.mod h1:dj3yLJOEZGY8kn1KFs6qCLTrAgh0IoC0w20JWDhxZkg=
github.com/pmezard/go-difflib v1.0.0 h1:4DBwDE0NGyQoBHbLQYPwSUPoCMWR5BEzIk/f1lZbAQM=
github.com/pmezard/go-difflib v1.0.0/go.mod h1:iKH77koFhYxTK1pcRnkKkqfTogsbg7gZNVY4sRDYZ/4=
github.com/stretchr/testify v1.11.1 h1:7s2iGBzp5EwR7/aIZr8ao5+dra3wiQyKjjFuvgVKu7U=
github.com/stretchr/testify v1.11.1/go.mod h1:wZwfW3scLgRK+23gO65QZefKpKQRnfz6sD981Nm4B6U=
go.opentelemetry.io/auto/sdk v1.2.1 h1:jXsnJ4Lmnqd11kwkBV2LgLoFMZKizbCi5fNZ/ipaZ64=
go.opentelemetry.io/auto/sdk v1.2.1/go.mod h1:KRTj+aOaElaLi+wW1kO/DZRXwkF4C5xPbEe3ZiIhN7Y=
go.opentelemetry.io/otel v1.44.0 h1:JjwHmHpA4iZ3wBxluu2fbbE7j4kqlE8jXyAyPXH7HqU=
go.opentelemetry.io/otel v1.44.0/go.mod h1:BMgjTHL9WPRlRjL2oZCBTL4whCGtXch2H4BhOPIAyYc=
go.opentelemetry.io/otel/metric v1.44.0 h1:1w0gILTcHdr3YI+ixLyjemwrVnsMURbTZFrSYCdDdmc=
go.opentelemetry.io/otel/metric v1.44.0/go.mod h1:8O7hanEPBNgEMmybD3s2VBKcgWOCsA6tzHBPODAiquo=
go.opentelemetry.io/otel/trace v1.44.0 h1:jxF5CsGYCe74MCRx2X4g7WsY/VBKRqqpNvXlX/6gtIk=
go.opentelemetry.io/otel/trace v1.44.0/go.mod h1:oLl1jrMQAVo6v3GAggN+1VH9VIz9iUSvW53sW1Q8PIE=
google.golang.org/protobuf v1.36.11 h1:fV6ZwhNocDyBLK0dj+fg8ektcVegBBuEolpbTQyBNVE=
google.golang.org/protobuf v1.36.11/go.mod h1:HTf+CrKn2C3g5S8VImy6tdcUvCska2kB7j23XfzDpco=
gopkg.in/yaml.v3 v3.0.1 h1:fxVm/GzAzEWqLHuvctI91KS9hhNmmWOoWu0XTYJS7CA=
gopkg.in/yaml.v3 v3.0.1/go.mod h1:K4uyk7z7BCEPqu6E+C64Yfv1cQ7kz7rIZviUmN+EgEM=
